
Microsoft Visual Studio Solution File, Format Version 12.00
# Visual Studio 15
VisualStudioVersion = 15.0.27004.2005
MinimumVisualStudioVersion = 10.0.40219.1
Project("{FAE04EC0-301F-11D3-BF4B-00C04F79EFBC}") = "RecVoz", "RecVoz\RecVoz.csproj", "{280DDF76-80F6-40AB-B8A2-4585A40615A7}"
EndProject
Global
	GlobalSection(SolutionConfigurationPlatforms) = preSolution
		Debug|Any CPU = Debug|Any CPU
		Release|Any CPU = Release|Any CPU
	EndGlobalSection
	GlobalSection(ProjectConfigurationPlatforms) = postSolution
		{280DDF76-80F6-40AB-B8A2-4585A40615A7}.Debug|Any CPU.ActiveCfg = Debug|Any CPU
		{280DDF76-80F6-40AB-B8A2-4585A40615A7}.Debug|Any CPU.Build.0 = Debug|Any CPU
		{280DDF76-80F6-40AB-B8A2-4585A40615A7}.Release|Any CPU.ActiveCfg = Release|Any CPU
		{280DDF76-80F6-40AB-B8A2-4585A40615A7}.Release|Any CPU.Build.0 = Release|Any CPU
	EndGlobalSection
	GlobalSection(SolutionProperties) = preSolution
		HideSolutionNode = FALSE
	EndGlobalSection
	GlobalSection(ExtensibilityGlobals) = postSolution
		SolutionGuid = {C5FF8855-1634-42A2-8F90-52D0BF47CB48}
	EndGlobalSection
EndGlobal
